
Microsoft Visual Studio Solution File, Format Version 12.00
# Visual Studio Version 17
VisualStudioVersion = 17.7.34221.43
MinimumVisualStudioVersion = 10.0.40219.1
Project("{9A19103F-16F7-4668-BE54-9A1E7A4F7556}") = "Calculator.API", "Calculator.API\Calculator.API.csproj", "{B8058864-D767-433F-B0B5-C6B970D1DBB3}"
EndProject
Project("{9A19103F-16F7-4668-BE54-9A1E7A4F7556}") = "Calculator.Core", "Calculator.Core\Calculator.Core.csproj", "{58577FAB-F900-4F83-BA2B-4DF56F2EE031}"
EndProject
Project("{9A19103F-16F7-4668-BE54-9A1E7A4F7556}") = "Clalculator.Service", "Clalculator.Service\Clalculator.Service.csproj", "{7FDF32CA-B5C2-484D-9938-63AB8122A8B4}"
EndProject
Global
	GlobalSection(SolutionConfigurationPlatforms) = preSolution
		Debug|Any CPU = Debug|Any CPU
		Release|Any CPU = Release|Any CPU
	EndGlobalSection
	GlobalSection(ProjectConfigurationPlatforms) = postSolution
		{B8058864-D767-433F-B0B5-C6B970D1DBB3}.Debug|Any CPU.ActiveCfg = Debug|Any CPU
		{B8058864-D767-433F-B0B5-C6B970D1DBB3}.Debug|Any CPU.Build.0 = Debug|Any CPU
		{B8058864-D767-433F-B0B5-C6B970D1DBB3}.Release|Any CPU.ActiveCfg = Release|Any CPU
		{B8058864-D767-433F-B0B5-C6B970D1DBB3}.Release|Any CPU.Build.0 = Release|Any CPU
		{58577FAB-F900-4F83-BA2B-4DF56F2EE031}.Debug|Any CPU.ActiveCfg = Debug|Any CPU
		{58577FAB-F900-4F83-BA2B-4DF56F2EE031}.Debug|Any CPU.Build.0 = Debug|Any CPU
		{58577FAB-F900-4F83-BA2B-4DF56F2EE031}.Release|Any CPU.ActiveCfg = Release|Any CPU
		{58577FAB-F900-4F83-BA2B-4DF56F2EE031}.Release|Any CPU.Build.0 = Release|Any CPU
		{7FDF32CA-B5C2-484D-9938-63AB8122A8B4}.Debug|Any CPU.ActiveCfg = Debug|Any CPU
		{7FDF32CA-B5C2-484D-9938-63AB8122A8B4}.Debug|Any CPU.Build.0 = Debug|Any CPU
		{7FDF32CA-B5C2-484D-9938-63AB8122A8B4}.Release|Any CPU.ActiveCfg = Release|Any CPU
		{7FDF32CA-B5C2-484D-9938-63AB8122A8B4}.Release|Any CPU.Build.0 = Release|Any CPU
	EndGlobalSection
	GlobalSection(SolutionProperties) = preSolution
		HideSolutionNode = FALSE
	EndGlobalSection
	GlobalSection(ExtensibilityGlobals) = postSolution
		SolutionGuid = {F10ABEA6-F14F-42D3-AC82-7170034FCDE6}
	EndGlobalSection
EndGlobal
